
Microsoft Visual Studio Solution File, Format Version 12.00
# Visual Studio 15
VisualStudioVersion = 15.0.28307.421
MinimumVisualStudioVersion = 10.0.40219.1
Project("{FAE04EC0-301F-11D3-BF4B-00C04F79EFBC}") = "TimesheetMobileApp.Android", "TimesheetMobileApp\TimesheetMobileApp.Android\TimesheetMobileApp.Android.csproj", "{AF38727D-AFC5-45E5-8886-18B6A19409FD}"
EndProject
Project("{FAE04EC0-301F-11D3-BF4B-00C04F79EFBC}") = "TimesheetMobileApp.iOS", "TimesheetMobileApp\TimesheetMobileApp.iOS\TimesheetMobileApp.iOS.csproj", "{5254C808-7852-4F65-B6C8-1F58A196C1EB}"
EndProject
Project("{FAE04EC0-301F-11D3-BF4B-00C04F79EFBC}") = "TimesheetMobileApp.UWP", "TimesheetMobileApp\TimesheetMobileApp.UWP\TimesheetMobileApp.UWP.csproj", "{4DE12442-41EC-4A3C-9B69-BB4B46DA6A57}"
EndProject
Project("{FAE04EC0-301F-11D3-BF4B-00C04F79EFBC}") = "TimesheetMobileApp", "TimesheetMobileApp\TimesheetMobileApp\TimesheetMobileApp.csproj", "{8523CDEA-B1F5-4D3A-A5CF-CF94A8A3E9D8}"
EndProject
Global
	GlobalSection(SolutionConfigurationPlatforms) = preSolution
		Ad-Hoc|Any CPU = Ad-Hoc|Any CPU
		Ad-Hoc|ARM = Ad-Hoc|ARM
		Ad-Hoc|iPhone = Ad-Hoc|iPhone
		Ad-Hoc|iPhoneSimulator = Ad-Hoc|iPhoneSimulator
		Ad-Hoc|x64 = Ad-Hoc|x64
		Ad-Hoc|x86 = Ad-Hoc|x86
		AppStore|Any CPU = AppStore|Any CPU
		AppStore|ARM = AppStore|ARM
		AppStore|iPhone = AppStore|iPhone
		AppStore|iPhoneSimulator = AppStore|iPhoneSimulator
		AppStore|x64 = AppStore|x64
		AppStore|x86 = AppStore|x86
		Debug|Any CPU = Debug|Any CPU
		Debug|ARM = Debug|ARM
		Debug|iPhone = Debug|iPhone
		Debug|iPhoneSimulator = Debug|iPhoneSimulator
		Debug|x64 = Debug|x64
		Debug|x86 = Debug|x86
		Release|Any CPU = Release|Any CPU
		Release|ARM = Release|ARM
		Release|iPhone = Release|iPhone
		Release|iPhoneSimulator = Release|iPhoneSimulator
		Release|x64 = Release|x64
		Release|x86 = Release|x86
	EndGlobalSection
	GlobalSection(ProjectConfigurationPlatforms) = postSolution
		{AF38727D-AFC5-45E5-8886-18B6A19409FD}.Ad-Hoc|Any CPU.ActiveCfg = Release|Any CPU
		{AF38727D-AFC5-45E5-8886-18B6A19409FD}.Ad-Hoc|Any CPU.Build.0 = Release|Any CPU
		{AF38727D-AFC5-45E5-8886-18B6A19409FD}.Ad-Hoc|Any CPU.Deploy.0 = Release|Any CPU
		{AF38727D-AFC5-45E5-8886-18B6A19409FD}.Ad-Hoc|ARM.ActiveCfg = Release|Any CPU
		{AF38727D-AFC5-45E5-8886-18B6A19409FD}.Ad-Hoc|ARM.Build.0 = Release|Any CPU
		{AF38727D-AFC5-45E5-8886-18B6A19409FD}.Ad-Hoc|ARM.Deploy.0 = Release|Any CPU
		{AF38727D-AFC5-45E5-8886-18B6A19409FD}.Ad-Hoc|iPhone.ActiveCfg = Release|Any CPU
		{AF38727D-AFC5-45E5-8886-18B6A19409FD}.Ad-Hoc|iPhone.Build.0 = Release|Any CPU
		{AF38727D-AFC5-45E5-8886-18B6A19409FD}.Ad-Hoc|iPhone.Deploy.0 = Release|Any CPU
		{AF38727D-AFC5-45E5-8886-18B6A19409FD}.Ad-Hoc|iPhoneSimulator.ActiveCfg = Release|Any CPU
		{AF38727D-AFC5-45E5-8886-18B6A19409FD}.Ad-Hoc|iPhoneSimulator.Build.0 = Release|Any CPU
		{AF38727D-AFC5-45E5-8886-18B6A19409FD}.Ad-Hoc|iPhoneSimulator.Deploy.0 = Release|Any CPU
		{AF38727D-AFC5-45E5-8886-18B6A19409FD}.Ad-Hoc|x64.ActiveCfg = Release|Any CPU
		{AF38727D-AFC5-45E5-8886-18B6A19409FD}.Ad-Hoc|x64.Build.0 = Release|Any CPU
		{AF38727D-AFC5-45E5-8886-18B6A19409FD}.Ad-Hoc|x64.Deploy.0 = Release|Any CPU
		{AF38727D-AFC5-45E5-8886-18B6A19409FD}.Ad-Hoc|x86.ActiveCfg = Release|Any CPU
		{AF38727D-AFC5-45E5-8886-18B6A19409FD}.Ad-Hoc|x86.Build.0 = Release|Any CPU
		{AF38727D-AFC5-45E5-8886-18B6A19409FD}.Ad-Hoc|x86.Deploy.0 = Release|Any CPU
		{AF38727D-AFC5-45E5-8886-18B6A19409FD}.AppStore|Any CPU.ActiveCfg = Release|Any CPU
		{AF38727D-AFC5-45E5-8886-18B6A19409FD}.AppStore|Any CPU.Build.0 = Release|Any CPU
		{AF38727D-AFC5-45E5-8886-18B6A19409FD}.AppStore|Any CPU.Deploy.0 = Release|Any CPU
		{AF38727D-AFC5-45E5-8886-18B6A19409FD}.AppStore|ARM.ActiveCfg = Release|Any CPU
		{AF38727D-AFC5-45E5-8886-18B6A19409FD}.AppStore|ARM.Build.0 = Release|Any CPU
		{AF38727D-AFC5-45E5-8886-18B6A19409FD}.AppStore|ARM.Deploy.0 = Release|Any CPU
		{AF38727D-AFC5-45E5-8886-18B6A19409FD}.AppStore|iPhone.ActiveCfg = Release|Any CPU
		{AF38727D-AFC5-45E5-8886-18B6A19409FD}.AppStore|iPhone.Build.0 = Release|Any CPU
		{AF38727D-AFC5-45E5-8886-18B6A19409FD}.AppStore|iPhone.Deploy.0 = Release|Any CPU
		{AF38727D-AFC5-45E5-8886-18B6A19409FD}.AppStore|iPhoneSimulator.ActiveCfg = Release|Any CPU
		{AF38727D-AFC5-45E5-8886-18B6A19409FD}.AppStore|iPhoneSimulator.Build.0 = Release|Any CPU
		{AF38727D-AFC5-45E5-8886-18B6A19409FD}.AppStore|iPhoneSimulator.Deploy.0 = Release|Any CPU
		{AF38727D-AFC5-45E5-8886-18B6A19409FD}.AppStore|x64.ActiveCfg = Release|Any CPU
		{AF38727D-AFC5-45E5-8886-18B6A19409FD}.AppStore|x64.Build.0 = Release|Any CPU
		{AF38727D-AFC5-45E5-8886-18B6A19409FD}.AppStore|x64.Deploy.0 = Release|Any CPU
		{AF38727D-AFC5-45E5-8886-18B6A19409FD}.AppStore|x86.ActiveCfg = Release|Any CPU
		{AF38727D-AFC5-45E5-8886-18B6A19409FD}.AppStore|x86.Build.0 = Release|Any CPU
		{AF38727D-AFC5-45E5-8886-18B6A19409FD}.AppStore|x86.Deploy.0 = Release|Any CPU
		{AF38727D-AFC5-45E5-8886-18B6A19409FD}.Debug|Any CPU.ActiveCfg = Debug|Any CPU
		{AF38727D-AFC5-45E5-8886-18B6A19409FD}.Debug|Any CPU.Build.0 = Debug|Any CPU
		{AF38727D-AFC5-45E5-8886-18B6A19409FD}.Debug|Any CPU.Deploy.0 = Debug|Any CPU
		{AF38727D-AFC5-45E5-8886-18B6A19409FD}.Debug|ARM.ActiveCfg = Debug|Any CPU
		{AF38727D-AFC5-45E5-8886-18B6A19409FD}.Debug|ARM.Build.0 = Debug|Any CPU
		{AF38727D-AFC5-45E5-8886-18B6A19409FD}.Debug|ARM.Deploy.0 = Debug|Any CPU
		{AF38727D-AFC5-45E5-8886-18B6A19409FD}.Debug|iPhone.ActiveCfg = Debug|Any CPU
		{AF38727D-AFC5-45E5-8886-18B6A19409FD}.Debug|iPhone.Build.0 = Debug|Any CPU
		{AF38727D-AFC5-45E5-8886-18B6A19409FD}.Debug|iPhone.Deploy.0 = Debug|Any CPU
		{AF38727D-AFC5-45E5-8886-18B6A19409FD}.Debug|iPhoneSimulator.ActiveCfg = Debug|Any CPU
		{AF38727D-AFC5-45E5-8886-18B6A19409FD}.Debug|iPhoneSimulator.Build.0 = Debug|Any CPU
		{AF38727D-AFC5-45E5-8886-18B6A19409FD}.Debug|iPhoneSimulator.Deploy.0 = Debug|Any CPU
		{AF38727D-AFC5-45E5-8886-18B6A19409FD}.Debug|x64.ActiveCfg = Debug|Any CPU
		{AF38727D-AFC5-45E5-8886-18B6A19409FD}.Debug|x64.Build.0 = Debug|Any CPU
		{AF38727D-AFC5-45E5-8886-18B6A19409FD}.Debug|x64.Deploy.0 = Debug|Any CPU
		{AF38727D-AFC5-45E5-8886-18B6A19409FD}.Debug|x86.ActiveCfg = Debug|Any CPU
		{AF38727D-AFC5-45E5-8886-18B6A19409FD}.Debug|x86.Build.0 = Debug|Any CPU
		{AF38727D-AFC5-45E5-8886-18B6A19409FD}.Debug|x86.Deploy.0 = Debug|Any CPU
		{AF38727D-AFC5-45E5-8886-18B6A19409FD}.Release|Any CPU.ActiveCfg = Release|Any CPU
		{AF38727D-AFC5-45E5-8886-18B6A19409FD}.Release|Any CPU.Build.0 = Release|Any CPU
		{AF38727D-AFC5-45E5-8886-18B6A19409FD}.Release|Any CPU.Deploy.0 = Release|Any CPU
		{AF38727D-AFC5-45E5-8886-18B6A19409FD}.Release|ARM.ActiveCfg = Release|Any CPU
		{AF38727D-AFC5-45E5-8886-18B6A19409FD}.Release|ARM.Build.0 = Release|Any CPU
		{AF38727D-AFC5-45E5-8886-18B6A19409FD}.Release|ARM.Deploy.0 = Release|Any CPU
		{AF38727D-AFC5-45E5-8886-18B6A19409FD}.Release|iPhone.ActiveCfg = Release|Any CPU
		{AF38727D-AFC5-45E5-8886-18B6A19409FD}.Release|iPhone.Build.0 = Release|Any CPU
		{AF38727D-AFC5-45E5-8886-18B6A19409FD}.Release|iPhone.Deploy.0 = Release|Any CPU
		{AF38727D-AFC5-45E5-8886-18B6A19409FD}.Release|iPhoneSimulator.ActiveCfg = Release|Any CPU
		{AF38727D-AFC5-45E5-8886-18B6A19409FD}.Release|iPhoneSimulator.Build.0 = Release|Any CPU
		{AF38727D-AFC5-45E5-8886-18B6A19409FD}.Release|iPhoneSimulator.Deploy.0 = Release|Any CPU
		{AF38727D-AFC5-45E5-8886-18B6A19409FD}.Release|x64.ActiveCfg = Release|Any CPU
		{AF38727D-AFC5-45E5-8886-18B6A19409FD}.Release|x64.Build.0 = Release|Any CPU
		{AF38727D-AFC5-45E5-8886-18B6A19409FD}.Release|x64.Deploy.0 = Release|Any CPU
		{AF38727D-AFC5-45E5-8886-18B6A19409FD}.Release|x86.ActiveCfg = Release|Any CPU
		{AF38727D-AFC5-45E5-8886-18B6A19409FD}.Release|x86.Build.0 = Release|Any CPU
		{AF38727D-AFC5-45E5-8886-18B6A19409FD}.Release|x86.Deploy.0 = Release|Any CPU
		{5254C808-7852-4F65-B6C8-1F58A196C1EB}.Ad-Hoc|Any CPU.ActiveCfg = Ad-Hoc|iPhone
		{5254C808-7852-4F65-B6C8-1F58A196C1EB}.Ad-Hoc|Any CPU.Build.0 = Ad-Hoc|iPhone
		{5254C808-7852-4F65-B6C8-1F58A196C1EB}.Ad-Hoc|Any CPU.Deploy.0 = Ad-Hoc|iPhone
		{5254C808-7852-4F65-B6C8-1F58A196C1EB}.Ad-Hoc|ARM.ActiveCfg = Ad-Hoc|iPhone
		{5254C808-7852-4F65-B6C8-1F58A196C1EB}.Ad-Hoc|ARM.Build.0 = Ad-Hoc|iPhone
		{5254C808-7852-4F65-B6C8-1F58A196C1EB}.Ad-Hoc|ARM.Deploy.0 = Ad-Hoc|iPhone
		{5254C808-7852-4F65-B6C8-1F58A196C1EB}.Ad-Hoc|iPhone.ActiveCfg = Ad-Hoc|iPhone
		{5254C808-7852-4F65-B6C8-1F58A196C1EB}.Ad-Hoc|iPhone.Build.0 = Ad-Hoc|iPhone
		{5254C808-7852-4F65-B6C8-1F58A196C1EB}.Ad-Hoc|iPhone.Deploy.0 = Ad-Hoc|iPhone
		{5254C808-7852-4F65-B6C8-1F58A196C1EB}.Ad-Hoc|iPhoneSimulator.ActiveCfg = Ad-Hoc|iPhoneSimulator
		{5254C808-7852-4F65-B6C8-1F58A196C1EB}.Ad-Hoc|iPhoneSimulator.Build.0 = Ad-Hoc|iPhoneSimulator
		{5254C808-7852-4F65-B6C8-1F58A196C1EB}.Ad-Hoc|iPhoneSimulator.Deploy.0 = Ad-Hoc|iPhoneSimulator
		{5254C808-7852-4F65-B6C8-1F58A196C1EB}.Ad-Hoc|x64.ActiveCfg = Ad-Hoc|iPhone
		{5254C808-7852-4F65-B6C8-1F58A196C1EB}.Ad-Hoc|x64.Build.0 = Ad-Hoc|iPhone
		{5254C808-7852-4F65-B6C8-1F58A196C1EB}.Ad-Hoc|x64.Deploy.0 = Ad-Hoc|iPhone
		{5254C808-7852-4F65-B6C8-1F58A196C1EB}.Ad-Hoc|x86.ActiveCfg = Ad-Hoc|iPhone
		{5254C808-7852-4F65-B6C8-1F58A196C1EB}.Ad-Hoc|x86.Build.0 = Ad-Hoc|iPhone
		{5254C808-7852-4F65-B6C8-1F58A196C1EB}.Ad-Hoc|x86.Deploy.0 = Ad-Hoc|iPhone
		{5254C808-7852-4F65-B6C8-1F58A196C1EB}.AppStore|Any CPU.ActiveCfg = AppStore|iPhone
		{5254C808-7852-4F65-B6C8-1F58A196C1EB}.AppStore|Any CPU.Build.0 = AppStore|iPhone
		{5254C808-7852-4F65-B6C8-1F58A196C1EB}.AppStore|Any CPU.Deploy.0 = AppStore|iPhone
		{5254C808-7852-4F65-B6C8-1F58A196C1EB}.AppStore|ARM.ActiveCfg = AppStore|iPhone
		{5254C808-7852-4F65-B6C8-1F58A196C1EB}.AppStore|ARM.Build.0 = AppStore|iPhone
		{5254C808-7852-4F65-B6C8-1F58A196C1EB}.AppStore|ARM.Deploy.0 = AppStore|iPhone
		{5254C808-7852-4F65-B6C8-1F58A196C1EB}.AppStore|iPhone.ActiveCfg = AppStore|iPhone
		{5254C808-7852-4F65-B6C8-1F58A196C1EB}.AppStore|iPhone.Build.0 = AppStore|iPhone
		{5254C808-7852-4F65-B6C8-1F58A196C1EB}.AppStore|iPhone.Deploy.0 = AppStore|iPhone
		{5254C808-7852-4F65-B6C8-1F58A196C1EB}.AppStore|iPhoneSimulator.ActiveCfg = AppStore|iPhoneSimulator
		{5254C808-7852-4F65-B6C8-1F58A196C1EB}.AppStore|iPhoneSimulator.Build.0 = AppStore|iPhoneSimulator
		{5254C808-7852-4F65-B6C8-1F58A196C1EB}.AppStore|iPhoneSimulator.Deploy.0 = AppStore|iPhoneSimulator
		{5254C808-7852-4F65-B6C8-1F58A196C1EB}.AppStore|x64.ActiveCfg = AppStore|iPhone
		{5254C808-7852-4F65-B6C8-1F58A196C1EB}.AppStore|x64.Build.0 = AppStore|iPhone
		{5254C808-7852-4F65-B6C8-1F58A196C1EB}.AppStore|x64.Deploy.0 = AppStore|iPhone
		{5254C808-7852-4F65-B6C8-1F58A196C1EB}.AppStore|x86.ActiveCfg = AppStore|iPhone
		{5254C808-7852-4F65-B6C8-1F58A196C1EB}.AppStore|x86.Build.0 = AppStore|iPhone
		{5254C808-7852-4F65-B6C8-1F58A196C1EB}.AppStore|x86.Deploy.0 = AppStore|iPhone
		{5254C808-7852-4F65-B6C8-1F58A196C1EB}.Debug|Any CPU.ActiveCfg = Debug|iPhoneSimulator
		{5254C808-7852-4F65-B6C8-1F58A196C1EB}.Debug|Any CPU.Build.0 = Debug|iPhoneSimulator
		{5254C808-7852-4F65-B6C8-1F58A196C1EB}.Debug|Any CPU.Deploy.0 = Debug|iPhoneSimulator
		{5254C808-7852-4F65-B6C8-1F58A196C1EB}.Debug|ARM.ActiveCfg = Debug|iPhone
		{5254C808-7852-4F65-B6C8-1F58A196C1EB}.Debug|ARM.Build.0 = Debug|iPhone
		{5254C808-7852-4F65-B6C8-1F58A196C1EB}.Debug|ARM.Deploy.0 = Debug|iPhone
		{5254C808-7852-4F65-B6C8-1F58A196C1EB}.Debug|iPhone.ActiveCfg = Debug|iPhone
		{5254C808-7852-4F65-B6C8-1F58A196C1EB}.Debug|iPhone.Build.0 = Debug|iPhone
		{5254C808-7852-4F65-B6C8-1F58A196C1EB}.Debug|iPhone.Deploy.0 = Debug|iPhone
		{5254C808-7852-4F65-B6C8-1F58A196C1EB}.Debug|iPhoneSimulator.ActiveCfg = Debug|iPhoneSimulator
		{5254C808-7852-4F65-B6C8-1F58A196C1EB}.Debug|iPhoneSimulator.Build.0 = Debug|iPhoneSimulator
		{5254C808-7852-4F65-B6C8-1F58A196C1EB}.Debug|iPhoneSimulator.Deploy.0 = Debug|iPhoneSimulator
		{5254C808-7852-4F65-B6C8-1F58A196C1EB}.Debug|x64.ActiveCfg = Debug|iPhone
		{5254C808-7852-4F65-B6C8-1F58A196C1EB}.Debug|x64.Build.0 = Debug|iPhone
		{5254C808-7852-4F65-B6C8-1F58A196C1EB}.Debug|x64.Deploy.0 = Debug|iPhone
		{5254C808-7852-4F65-B6C8-1F58A196C1EB}.Debug|x86.ActiveCfg = Debug|iPhone
		{5254C808-7852-4F65-B6C8-1F58A196C1EB}.Debug|x86.Build.0 = Debug|iPhone
		{5254C808-7852-4F65-B6C8-1F58A196C1EB}.Debug|x86.Deploy.0 = Debug|iPhone
		{5254C808-7852-4F65-B6C8-1F58A196C1EB}.Release|Any CPU.ActiveCfg = Release|iPhone
		{5254C808-7852-4F65-B6C8-1F58A196C1EB}.Release|Any CPU.Build.0 = Release|iPhone
		{5254C808-7852-4F65-B6C8-1F58A196C1EB}.Release|Any CPU.Deploy.0 = Release|iPhone
		{5254C808-7852-4F65-B6C8-1F58A196C1EB}.Release|ARM.ActiveCfg = Release|iPhone
		{5254C808-7852-4F65-B6C8-1F58A196C1EB}.Release|ARM.Build.0 = Release|iPhone
		{5254C808-7852-4F65-B6C8-1F58A196C1EB}.Release|ARM.Deploy.0 = Release|iPhone
		{5254C808-7852-4F65-B6C8-1F58A196C1EB}.Release|iPhone.ActiveCfg = Release|iPhone
		{5254C808-7852-4F65-B6C8-1F58A196C1EB}.Release|iPhone.Build.0 = Release|iPhone
		{5254C808-7852-4F65-B6C8-1F58A196C1EB}.Release|iPhone.Deploy.0 = Release|iPhone
		{5254C808-7852-4F65-B6C8-1F58A196C1EB}.Release|iPhoneSimulator.ActiveCfg = Release|iPhoneSimulator
		{5254C808-7852-4F65-B6C8-1F58A196C1EB}.Release|iPhoneSimulator.Build.0 = Release|iPhoneSimulator
		{5254C808-7852-4F65-B6C8-1F58A196C1EB}.Release|iPhoneSimulator.Deploy.0 = Release|iPhoneSimulator
		{5254C808-7852-4F65-B6C8-1F58A196C1EB}.Release|x64.ActiveCfg = Release|iPhone
		{5254C808-7852-4F65-B6C8-1F58A196C1EB}.Release|x64.Build.0 = Release|iPhone
		{5254C808-7852-4F65-B6C8-1F58A196C1EB}.Release|x64.Deploy.0 = Release|iPhone
		{5254C808-7852-4F65-B6C8-1F58A196C1EB}.Release|x86.ActiveCfg = Release|iPhone
		{5254C808-7852-4F65-B6C8-1F58A196C1EB}.Release|x86.Build.0 = Release|iPhone
		{5254C808-7852-4F65-B6C8-1F58A196C1EB}.Release|x86.Deploy.0 = Release|iPhone
		{4DE12442-41EC-4A3C-9B69-BB4B46DA6A57}.Ad-Hoc|Any CPU.ActiveCfg = Release|x86
		{4DE12442-41EC-4A3C-9B69-BB4B46DA6A57}.Ad-Hoc|Any CPU.Build.0 = Release|x86
		{4DE12442-41EC-4A3C-9B69-BB4B46DA6A57}.Ad-Hoc|Any CPU.Deploy.0 = Release|x86
		{4DE12442-41EC-4A3C-9B69-BB4B46DA6A57}.Ad-Hoc|ARM.ActiveCfg = Release|ARM
		{4DE12442-41EC-4A3C-9B69-BB4B46DA6A57}.Ad-Hoc|ARM.Build.0 = Release|ARM
		{4DE12442-41EC-4A3C-9B69-BB4B46DA6A57}.Ad-Hoc|ARM.Deploy.0 = Release|ARM
		{4DE12442-41EC-4A3C-9B69-BB4B46DA6A57}.Ad-Hoc|iPhone.ActiveCfg = Release|x86
		{4DE12442-41EC-4A3C-9B69-BB4B46DA6A57}.Ad-Hoc|iPhone.Build.0 = Release|x86
		{4DE12442-41EC-4A3C-9B69-BB4B46DA6A57}.Ad-Hoc|iPhone.Deploy.0 = Release|x86
		{4DE12442-41EC-4A3C-9B69-BB4B46DA6A57}.Ad-Hoc|iPhoneSimulator.ActiveCfg = Release|x86
		{4DE12442-41EC-4A3C-9B69-BB4B46DA6A57}.Ad-Hoc|iPhoneSimulator.Build.0 = Release|x86
		{4DE12442-41EC-4A3C-9B69-BB4B46DA6A57}.Ad-Hoc|iPhoneSimulator.Deploy.0 = Release|x86
		{4DE12442-41EC-4A3C-9B69-BB4B46DA6A57}.Ad-Hoc|x64.ActiveCfg = Release|x64
		{4DE12442-41EC-4A3C-9B69-BB4B46DA6A57}.Ad-Hoc|x64.Build.0 = Release|x64
		{4DE12442-41EC-4A3C-9B69-BB4B46DA6A57}.Ad-Hoc|x64.Deploy.0 = Release|x64
		{4DE12442-41EC-4A3C-9B69-BB4B46DA6A57}.Ad-Hoc|x86.ActiveCfg = Release|x86
		{4DE12442-41EC-4A3C-9B69-BB4B46DA6A57}.Ad-Hoc|x86.Build.0 = Release|x86
		{4DE12442-41EC-4A3C-9B69-BB4B46DA6A57}.Ad-Hoc|x86.Deploy.0 = Release|x86
		{4DE12442-41EC-4A3C-9B69-BB4B46DA6A57}.AppStore|Any CPU.ActiveCfg = Release|x86
		{4DE12442-41EC-4A3C-9B69-BB4B46DA6A57}.AppStore|Any CPU.Build.0 = Release|x86
		{4DE12442-41EC-4A3C-9B69-BB4B46DA6A57}.AppStore|Any CPU.Deploy.0 = Release|x86
		{4DE12442-41EC-4A3C-9B69-BB4B46DA6A57}.AppStore|ARM.ActiveCfg = Release|ARM
		{4DE12442-41EC-4A3C-9B69-BB4B46DA6A57}.AppStore|ARM.Build.0 = Release|ARM
		{4DE12442-41EC-4A3C-9B69-BB4B46DA6A57}.AppStore|ARM.Deploy.0 = Release|ARM
		{4DE12442-41EC-4A3C-9B69-BB4B46DA6A57}.AppStore|iPhone.ActiveCfg = Release|x86
		{4DE12442-41EC-4A3C-9B69-BB4B46DA6A57}.AppStore|iPhone.Build.0 = Release|x86
		{4DE12442-41EC-4A3C-9B69-BB4B46DA6A57}.AppStore|iPhone.Deploy.0 = Release|x86
		{4DE12442-41EC-4A3C-9B69-BB4B46DA6A57}.AppStore|iPhoneSimulator.ActiveCfg = Release|x86
		{4DE12442-41EC-4A3C-9B69-BB4B46DA6A57}.AppStore|iPhoneSimulator.Build.0 = Release|x86
		{4DE12442-41EC-4A3C-9B69-BB4B46DA6A57}.AppStore|iPhoneSimulator.Deploy.0 = Release|x86
		{4DE12442-41EC-4A3C-9B69-BB4B46DA6A57}.AppStore|x64.ActiveCfg = Release|x64
		{4DE12442-41EC-4A3C-9B69-BB4B46DA6A57}.AppStore|x64.Build.0 = Release|x64
		{4DE12442-41EC-4A3C-9B69-BB4B46DA6A57}.AppStore|x64.Deploy.0 = Release|x64
		{4DE12442-41EC-4A3C-9B69-BB4B46DA6A57}.AppStore|x86.ActiveCfg = Release|x86
		{4DE12442-41EC-4A3C-9B69-BB4B46DA6A57}.AppStore|x86.Build.0 = Release|x86
		{4DE12442-41EC-4A3C-9B69-BB4B46DA6A57}.AppStore|x86.Deploy.0 = Release|x86
		{4DE12442-41EC-4A3C-9B69-BB4B46DA6A57}.Debug|Any CPU.ActiveCfg = Debug|x86
		{4DE12442-41EC-4A3C-9B69-BB4B46DA6A57}.Debug|Any CPU.Build.0 = Debug|x86
		{4DE12442-41EC-4A3C-9B69-BB4B46DA6A57}.Debug|Any CPU.Deploy.0 = Debug|x86
		{4DE12442-41EC-4A3C-9B69-BB4B46DA6A57}.Debug|ARM.ActiveCfg = Debug|ARM
		{4DE12442-41EC-4A3C-9B69-BB4B46DA6A57}.Debug|ARM.Build.0 = Debug|ARM
		{4DE12442-41EC-4A3C-9B69-BB4B46DA6A57}.Debug|ARM.Deploy.0 = Debug|ARM
		{4DE12442-41EC-4A3C-9B69-BB4B46DA6A57}.Debug|iPhone.ActiveCfg = Debug|x86
		{4DE12442-41EC-4A3C-9B69-BB4B46DA6A57}.Debug|iPhone.Build.0 = Debug|x86
		{4DE12442-41EC-4A3C-9B69-BB4B46DA6A57}.Debug|iPhone.Deploy.0 = Debug|x86
		{4DE12442-41EC-4A3C-9B69-BB4B46DA6A57}.Debug|iPhoneSimulator.ActiveCfg = Debug|x86
		{4DE12442-41EC-4A3C-9B69-BB4B46DA6A57}.Debug|iPhoneSimulator.Build.0 = Debug|x86
		{4DE12442-41EC-4A3C-9B69-BB4B46DA6A57}.Debug|iPhoneSimulator.Deploy.0 = Debug|x86
		{4DE12442-41EC-4A3C-9B69-BB4B46DA6A57}.Debug|x64.ActiveCfg = Debug|x64
		{4DE12442-41EC-4A3C-9B69-BB4B46DA6A57}.Debug|x64.Build.0 = Debug|x64
		{4DE12442-41EC-4A3C-9B69-BB4B46DA6A57}.Debug|x64.Deploy.0 = Debug|x64
		{4DE12442-41EC-4A3C-9B69-BB4B46DA6A57}.Debug|x86.ActiveCfg = Debug|x86
		{4DE12442-41EC-4A3C-9B69-BB4B46DA6A57}.Debug|x86.Build.0 = Debug|x86
		{4DE12442-41EC-4A3C-9B69-BB4B46DA6A57}.Debug|x86.Deploy.0 = Debug|x86
		{4DE12442-41EC-4A3C-9B69-BB4B46DA6A57}.Release|Any CPU.ActiveCfg = Release|x86
		{4DE12442-41EC-4A3C-9B69-BB4B46DA6A57}.Release|Any CPU.Build.0 = Release|x86
		{4DE12442-41EC-4A3C-9B69-BB4B46DA6A57}.Release|Any CPU.Deploy.0 = Release|x86
		{4DE12442-41EC-4A3C-9B69-BB4B46DA6A57}.Release|ARM.ActiveCfg = Release|ARM
		{4DE12442-41EC-4A3C-9B69-BB4B46DA6A57}.Release|ARM.Build.0 = Release|ARM
		{4DE12442-41EC-4A3C-9B69-BB4B46DA6A57}.Release|ARM.Deploy.0 = Release|ARM
		{4DE12442-41EC-4A3C-9B69-BB4B46DA6A57}.Release|iPhone.ActiveCfg = Release|x86
		{4DE12442-41EC-4A3C-9B69-BB4B46DA6A57}.Release|iPhone.Build.0 = Release|x86
		{4DE12442-41EC-4A3C-9B69-BB4B46DA6A57}.Release|iPhone.Deploy.0 = Release|x86
		{4DE12442-41EC-4A3C-9B69-BB4B46DA6A57}.Release|iPhoneSimulator.ActiveCfg = Release|x86
		{4DE12442-41EC-4A3C-9B69-BB4B46DA6A57}.Release|iPhoneSimulator.Build.0 = Release|x86
		{4DE12442-41EC-4A3C-9B69-BB4B46DA6A57}.Release|iPhoneSimulator.Deploy.0 = Release|x86
		{4DE12442-41EC-4A3C-9B69-BB4B46DA6A57}.Release|x64.ActiveCfg = Release|x64
		{4DE12442-41EC-4A3C-9B69-BB4B46DA6A57}.Release|x64.Build.0 = Release|x64
		{4DE12442-41EC-4A3C-9B69-BB4B46DA6A57}.Release|x64.Deploy.0 = Release|x64
		{4DE12442-41EC-4A3C-9B69-BB4B46DA6A57}.Release|x86.ActiveCfg = Release|x86
		{4DE12442-41EC-4A3C-9B69-BB4B46DA6A57}.Release|x86.Build.0 = Release|x86
		{4DE12442-41EC-4A3C-9B69-BB4B46DA6A57}.Release|x86.Deploy.0 = Release|x86
		{8523CDEA-B1F5-4D3A-A5CF-CF94A8A3E9D8}.Ad-Hoc|Any CPU.ActiveCfg = Debug|Any CPU
		{8523CDEA-B1F5-4D3A-A5CF-CF94A8A3E9D8}.Ad-Hoc|Any CPU.Build.0 = Debug|Any CPU
		{8523CDEA-B1F5-4D3A-A5CF-CF94A8A3E9D8}.Ad-Hoc|Any CPU.Deploy.0 = Debug|Any CPU
		{8523CDEA-B1F5-4D3A-A5CF-CF94A8A3E9D8}.Ad-Hoc|ARM.ActiveCfg = Debug|Any CPU
		{8523CDEA-B1F5-4D3A-A5CF-CF94A8A3E9D8}.Ad-Hoc|ARM.Build.0 = Debug|Any CPU
		{8523CDEA-B1F5-4D3A-A5CF-CF94A8A3E9D8}.Ad-Hoc|ARM.Deploy.0 = Debug|Any CPU
		{8523CDEA-B1F5-4D3A-A5CF-CF94A8A3E9D8}.Ad-Hoc|iPhone.ActiveCfg = Debug|Any CPU
		{8523CDEA-B1F5-4D3A-A5CF-CF94A8A3E9D8}.Ad-Hoc|iPhone.Build.0 = Debug|Any CPU
		{8523CDEA-B1F5-4D3A-A5CF-CF94A8A3E9D8}.Ad-Hoc|iPhone.Deploy.0 = Debug|Any CPU
		{8523CDEA-B1F5-4D3A-A5CF-CF94A8A3E9D8}.Ad-Hoc|iPhoneSimulator.ActiveCfg = Debug|Any CPU
		{8523CDEA-B1F5-4D3A-A5CF-CF94A8A3E9D8}.Ad-Hoc|iPhoneSimulator.Build.0 = Debug|Any CPU
		{8523CDEA-B1F5-4D3A-A5CF-CF94A8A3E9D8}.Ad-Hoc|iPhoneSimulator.Deploy.0 = Debug|Any CPU
		{8523CDEA-B1F5-4D3A-A5CF-CF94A8A3E9D8}.Ad-Hoc|x64.ActiveCfg = Debug|Any CPU
		{8523CDEA-B1F5-4D3A-A5CF-CF94A8A3E9D8}.Ad-Hoc|x64.Build.0 = Debug|Any CPU
		{8523CDEA-B1F5-4D3A-A5CF-CF94A8A3E9D8}.Ad-Hoc|x64.Deploy.0 = Debug|Any CPU
		{8523CDEA-B1F5-4D3A-A5CF-CF94A8A3E9D8}.Ad-Hoc|x86.ActiveCfg = Debug|Any CPU
		{8523CDEA-B1F5-4D3A-A5CF-CF94A8A3E9D8}.Ad-Hoc|x86.Build.0 = Debug|Any CPU
		{8523CDEA-B1F5-4D3A-A5CF-CF94A8A3E9D8}.Ad-Hoc|x86.Deploy.0 = Debug|Any CPU
		{8523CDEA-B1F5-4D3A-A5CF-CF94A8A3E9D8}.AppStore|Any CPU.ActiveCfg = Debug|Any CPU
		{8523CDEA-B1F5-4D3A-A5CF-CF94A8A3E9D8}.AppStore|Any CPU.Build.0 = Debug|Any CPU
		{8523CDEA-B1F5-4D3A-A5CF-CF94A8A3E9D8}.AppStore|Any CPU.Deploy.0 = Debug|Any CPU
		{8523CDEA-B1F5-4D3A-A5CF-CF94A8A3E9D8}.AppStore|ARM.ActiveCfg = Debug|Any CPU
		{8523CDEA-B1F5-4D3A-A5CF-CF94A8A3E9D8}.AppStore|ARM.Build.0 = Debug|Any CPU
		{8523CDEA-B1F5-4D3A-A5CF-CF94A8A3E9D8}.AppStore|ARM.Deploy.0 = Debug|Any CPU
		{8523CDEA-B1F5-4D3A-A5CF-CF94A8A3E9D8}.AppStore|iPhone.ActiveCfg = Debug|Any CPU
		{8523CDEA-B1F5-4D3A-A5CF-CF94A8A3E9D8}.AppStore|iPhone.Build.0 = Debug|Any CPU
		{8523CDEA-B1F5-4D3A-A5CF-CF94A8A3E9D8}.AppStore|iPhone.Deploy.0 = Debug|Any CPU
		{8523CDEA-B1F5-4D3A-A5CF-CF94A8A3E9D8}.AppStore|iPhoneSimulator.ActiveCfg = Debug|Any CPU
		{8523CDEA-B1F5-4D3A-A5CF-CF94A8A3E9D8}.AppStore|iPhoneSimulator.Build.0 = Debug|Any CPU
		{8523CDEA-B1F5-4D3A-A5CF-CF94A8A3E9D8}.AppStore|iPhoneSimulator.Deploy.0 = Debug|Any CPU
		{8523CDEA-B1F5-4D3A-A5CF-CF94A8A3E9D8}.AppStore|x64.ActiveCfg = Debug|Any CPU
		{8523CDEA-B1F5-4D3A-A5CF-CF94A8A3E9D8}.AppStore|x64.Build.0 = Debug|Any CPU
		{8523CDEA-B1F5-4D3A-A5CF-CF94A8A3E9D8}.AppStore|x64.Deploy.0 = Debug|Any CPU
		{8523CDEA-B1F5-4D3A-A5CF-CF94A8A3E9D8}.AppStore|x86.ActiveCfg = Debug|Any CPU
		{8523CDEA-B1F5-4D3A-A5CF-CF94A8A3E9D8}.AppStore|x86.Build.0 = Debug|Any CPU
		{8523CDEA-B1F5-4D3A-A5CF-CF94A8A3E9D8}.AppStore|x86.Deploy.0 = Debug|Any CPU
		{8523CDEA-B1F5-4D3A-A5CF-CF94A8A3E9D8}.Debug|Any CPU.ActiveCfg = Debug|Any CPU
		{8523CDEA-B1F5-4D3A-A5CF-CF94A8A3E9D8}.Debug|Any CPU.Build.0 = Debug|Any CPU
		{8523CDEA-B1F5-4D3A-A5CF-CF94A8A3E9D8}.Debug|Any CPU.Deploy.0 = Debug|Any CPU
		{8523CDEA-B1F5-4D3A-A5CF-CF94A8A3E9D8}.Debug|ARM.ActiveCfg = Debug|Any CPU
		{8523CDEA-B1F5-4D3A-A5CF-CF94A8A3E9D8}.Debug|ARM.Build.0 = Debug|Any CPU
		{8523CDEA-B1F5-4D3A-A5CF-CF94A8A3E9D8}.Debug|ARM.Deploy.0 = Debug|Any CPU
		{8523CDEA-B1F5-4D3A-A5CF-CF94A8A3E9D8}.Debug|iPhone.ActiveCfg = Debug|Any CPU
		{8523CDEA-B1F5-4D3A-A5CF-CF94A8A3E9D8}.Debug|iPhone.Build.0 = Debug|Any CPU
		{8523CDEA-B1F5-4D3A-A5CF-CF94A8A3E9D8}.Debug|iPhone.Deploy.0 = Debug|Any CPU
		{8523CDEA-B1F5-4D3A-A5CF-CF94A8A3E9D8}.Debug|iPhoneSimulator.ActiveCfg = Debug|Any CPU
		{8523CDEA-B1F5-4D3A-A5CF-CF94A8A3E9D8}.Debug|iPhoneSimulator.Build.0 = Debug|Any CPU
		{8523CDEA-B1F5-4D3A-A5CF-CF94A8A3E9D8}.Debug|iPhoneSimulator.Deploy.0 = Debug|Any CPU
		{8523CDEA-B1F5-4D3A-A5CF-CF94A8A3E9D8}.Debug|x64.ActiveCfg = Debug|Any CPU
		{8523CDEA-B1F5-4D3A-A5CF-CF94A8A3E9D8}.Debug|x64.Build.0 = Debug|Any CPU
		{8523CDEA-B1F5-4D3A-A5CF-CF94A8A3E9D8}.Debug|x64.Deploy.0 = Debug|Any CPU
		{8523CDEA-B1F5-4D3A-A5CF-CF94A8A3E9D8}.Debug|x86.ActiveCfg = Debug|Any CPU
		{8523CDEA-B1F5-4D3A-A5CF-CF94A8A3E9D8}.Debug|x86.Build.0 = Debug|Any CPU
		{8523CDEA-B1F5-4D3A-A5CF-CF94A8A3E9D8}.Debug|x86.Deploy.0 = Debug|Any CPU
		{8523CDEA-B1F5-4D3A-A5CF-CF94A8A3E9D8}.Release|Any CPU.ActiveCfg = Release|Any CPU
		{8523CDEA-B1F5-4D3A-A5CF-CF94A8A3E9D8}.Release|Any CPU.Build.0 = Release|Any CPU
		{8523CDEA-B1F5-4D3A-A5CF-CF94A8A3E9D8}.Release|Any CPU.Deploy.0 = Release|Any CPU
		{8523CDEA-B1F5-4D3A-A5CF-CF94A8A3E9D8}.Release|ARM.ActiveCfg = Release|Any CPU
		{8523CDEA-B1F5-4D3A-A5CF-CF94A8A3E9D8}.Release|ARM.Build.0 = Release|Any CPU
		{8523CDEA-B1F5-4D3A-A5CF-CF94A8A3E9D8}.Release|ARM.Deploy.0 = Release|Any CPU
		{8523CDEA-B1F5-4D3A-A5CF-CF94A8A3E9D8}.Release|iPhone.ActiveCfg = Release|Any CPU
		{8523CDEA-B1F5-4D3A-A5CF-CF94A8A3E9D8}.Release|iPhone.Build.0 = Release|Any CPU
		{8523CDEA-B1F5-4D3A-A5CF-CF94A8A3E9D8}.Release|iPhone.Deploy.0 = Release|Any CPU
		{8523CDEA-B1F5-4D3A-A5CF-CF94A8A3E9D8}.Release|iPhoneSimulator.ActiveCfg = Release|Any CPU
		{8523CDEA-B1F5-4D3A-A5CF-CF94A8A3E9D8}.Release|iPhoneSimulator.Build.0 = Release|Any CPU
		{8523CDEA-B1F5-4D3A-A5CF-CF94A8A3E9D8}.Release|iPhoneSimulator.Deploy.0 = Release|Any CPU
		{8523CDEA-B1F5-4D3A-A5CF-CF94A8A3E9D8}.Release|x64.ActiveCfg = Release|Any CPU
		{8523CDEA-B1F5-4D3A-A5CF-CF94A8A3E9D8}.Release|x64.Build.0 = Release|Any CPU
		{8523CDEA-B1F5-4D3A-A5CF-CF94A8A3E9D8}.Release|x64.Deploy.0 = Release|Any CPU
		{8523CDEA-B1F5-4D3A-A5CF-CF94A8A3E9D8}.Release|x86.ActiveCfg = Release|Any CPU
		{8523CDEA-B1F5-4D3A-A5CF-CF94A8A3E9D8}.Release|x86.Build.0 = Release|Any CPU
		{8523CDEA-B1F5-4D3A-A5CF-CF94A8A3E9D8}.Release|x86.Deploy.0 = Release|Any CPU
	EndGlobalSection
	GlobalSection(SolutionProperties) = preSolution
		HideSolutionNode = FALSE
	EndGlobalSection
	GlobalSection(ExtensibilityGlobals) = postSolution
		SolutionGuid = {829C2542-E447-4234-BBE6-0DFF81B9C3F6}
	EndGlobalSection
EndGlobal
